
Microsoft Visual Studio Solution File, Format Version 12.00
# Visual Studio 14
VisualStudioVersion = 14.0.25420.1
MinimumVisualStudioVersion = 10.0.40219.1
Project("{FAE04EC0-301F-11D3-BF4B-00C04F79EFBC}") = "B18_Ex01_1", "B18_Ex01_1\B18_Ex01_1.csproj", "{50BCB314-ADE7-48AA-9754-57CA3119989C}"
EndProject
Project("{FAE04EC0-301F-11D3-BF4B-00C04F79EFBC}") = "B18_Ex01_2", "B18_Ex01_2\B18_Ex01_2.csproj", "{FE347BE7-2A93-477E-AC00-8593B1109FE0}"
EndProject
Project("{FAE04EC0-301F-11D3-BF4B-00C04F79EFBC}") = "B18_Ex01_3", "B18_Ex01_3\B18_Ex01_3.csproj", "{B77AD5E5-62DB-4BF5-8449-8DDE5370A3EC}"
EndProject
Project("{FAE04EC0-301F-11D3-BF4B-00C04F79EFBC}") = "B18_Ex01_4", "B18_Ex01_4\B18_Ex01_4.csproj", "{37A429E9-49A9-4AAC-8EC5-29356D0F1D87}"
EndProject
Project("{FAE04EC0-301F-11D3-BF4B-00C04F79EFBC}") = "B18_Ex01_5", "B18_Ex01_5\B18_Ex01_5.csproj", "{7A8FEBDA-45BC-4818-8DEF-06F8FC0E85EA}"
EndProject
Global
	GlobalSection(SolutionConfigurationPlatforms) = preSolution
		Debug|Any CPU = Debug|Any CPU
		Release|Any CPU = Release|Any CPU
	EndGlobalSection
	GlobalSection(ProjectConfigurationPlatforms) = postSolution
		{50BCB314-ADE7-48AA-9754-57CA3119989C}.Debug|Any CPU.ActiveCfg = Debug|Any CPU
		{50BCB314-ADE7-48AA-9754-57CA3119989C}.Debug|Any CPU.Build.0 = Debug|Any CPU
		{50BCB314-ADE7-48AA-9754-57CA3119989C}.Release|Any CPU.ActiveCfg = Release|Any CPU
		{50BCB314-ADE7-48AA-9754-57CA3119989C}.Release|Any CPU.Build.0 = Release|Any CPU
		{FE347BE7-2A93-477E-AC00-8593B1109FE0}.Debug|Any CPU.ActiveCfg = Debug|Any CPU
		{FE347BE7-2A93-477E-AC00-8593B1109FE0}.Debug|Any CPU.Build.0 = Debug|Any CPU
		{FE347BE7-2A93-477E-AC00-8593B1109FE0}.Release|Any CPU.ActiveCfg = Release|Any CPU
		{FE347BE7-2A93-477E-AC00-8593B1109FE0}.Release|Any CPU.Build.0 = Release|Any CPU
		{B77AD5E5-62DB-4BF5-8449-8DDE5370A3EC}.Debug|Any CPU.ActiveCfg = Debug|Any CPU
		{B77AD5E5-62DB-4BF5-8449-8DDE5370A3EC}.Debug|Any CPU.Build.0 = Debug|Any CPU
		{B77AD5E5-62DB-4BF5-8449-8DDE5370A3EC}.Release|Any CPU.ActiveCfg = Release|Any CPU
		{B77AD5E5-62DB-4BF5-8449-8DDE5370A3EC}.Release|Any CPU.Build.0 = Release|Any CPU
		{37A429E9-49A9-4AAC-8EC5-29356D0F1D87}.Debug|Any CPU.ActiveCfg = Debug|Any CPU
		{37A429E9-49A9-4AAC-8EC5-29356D0F1D87}.Debug|Any CPU.Build.0 = Debug|Any CPU
		{37A429E9-49A9-4AAC-8EC5-29356D0F1D87}.Release|Any CPU.ActiveCfg = Release|Any CPU
		{37A429E9-49A9-4AAC-8EC5-29356D0F1D87}.Release|Any CPU.Build.0 = Release|Any CPU
		{7A8FEBDA-45BC-4818-8DEF-06F8FC0E85EA}.Debug|Any CPU.ActiveCfg = Debug|Any CPU
		{7A8FEBDA-45BC-4818-8DEF-06F8FC0E85EA}.Debug|Any CPU.Build.0 = Debug|Any CPU
		{7A8FEBDA-45BC-4818-8DEF-06F8FC0E85EA}.Release|Any CPU.ActiveCfg = Release|Any CPU
		{7A8FEBDA-45BC-4818-8DEF-06F8FC0E85EA}.Release|Any CPU.Build.0 = Release|Any CPU
	EndGlobalSection
	GlobalSection(SolutionProperties) = preSolution
		HideSolutionNode = FALSE
	EndGlobalSection
EndGlobal
